// !$*UTF8*$!
{
	archiveVersion = 1;
	classes = {
	};
	objectVersion = 48;
	objects = {

/* Begin PBXBuildFile section */
		816BBB0B1FED64CC00A9C6F2 /* CardCollectionViewCell.xib in Resources */ = {isa = PBXBuildFile; fileRef = 816BBB0A1FED64CC00A9C6F2 /* CardCollectionViewCell.xib */; };
		816BBB0D1FED657D00A9C6F2 /* CardCollectionViewCell.swift in Sources */ = {isa = PBXBuildFile; fileRef = 816BBB0C1FED657D00A9C6F2 /* CardCollectionViewCell.swift */; };
		816BBB0F1FED6AD900A9C6F2 /* NetworkHelper.swift in Sources */ = {isa = PBXBuildFile; fileRef = 816BBB0E1FED6AD900A9C6F2 /* NetworkHelper.swift */; };
		816BBB111FED6B1500A9C6F2 /* CardDeck.swift in Sources */ = {isa = PBXBuildFile; fileRef = 816BBB101FED6B1500A9C6F2 /* CardDeck.swift */; };
		816BBB131FED6BFA00A9C6F2 /* CardDeck APIClient.swift in Sources */ = {isa = PBXBuildFile; fileRef = 816BBB121FED6BFA00A9C6F2 /* CardDeck APIClient.swift */; };
		816BBB151FED6D5500A9C6F2 /* Card.swift in Sources */ = {isa = PBXBuildFile; fileRef = 816BBB141FED6D5500A9C6F2 /* Card.swift */; };
		816BBB171FED6E1B00A9C6F2 /* Card APIClient.swift in Sources */ = {isa = PBXBuildFile; fileRef = 816BBB161FED6E1B00A9C6F2 /* Card APIClient.swift */; };
		816BBB191FED70D300A9C6F2 /* Image APIClient.swift in Sources */ = {isa = PBXBuildFile; fileRef = 816BBB181FED70D300A9C6F2 /* Image APIClient.swift */; };
		816BBB1B1FED755A00A9C6F2 /* Player.swift in Sources */ = {isa = PBXBuildFile; fileRef = 816BBB1A1FED755A00A9C6F2 /* Player.swift */; };
		816BBB1D1FED7CEB00A9C6F2 /* PlayerDataModel.swift in Sources */ = {isa = PBXBuildFile; fileRef = 816BBB1C1FED7CEB00A9C6F2 /* PlayerDataModel.swift */; };
		816BBB231FED970600A9C6F2 /* PlayerTableViewCell.xib in Resources */ = {isa = PBXBuildFile; fileRef = 816BBB221FED970600A9C6F2 /* PlayerTableViewCell.xib */; };
		816BBB251FED973000A9C6F2 /* PlayerTableViewCell.swift in Sources */ = {isa = PBXBuildFile; fileRef = 816BBB241FED973000A9C6F2 /* PlayerTableViewCell.swift */; };
		816BBB271FED9C9B00A9C6F2 /* CustomTableViewCell.swift in Sources */ = {isa = PBXBuildFile; fileRef = 816BBB261FED9C9B00A9C6F2 /* CustomTableViewCell.swift */; };
		81C0A5D31FED5BBE0000B997 /* AppDelegate.swift in Sources */ = {isa = PBXBuildFile; fileRef = 81C0A5D21FED5BBE0000B997 /* AppDelegate.swift */; };
		81C0A5D81FED5BBE0000B997 /* Main.storyboard in Resources */ = {isa = PBXBuildFile; fileRef = 81C0A5D61FED5BBE0000B997 /* Main.storyboard */; };
		81C0A5DA1FED5BBE0000B997 /* Assets.xcassets in Resources */ = {isa = PBXBuildFile; fileRef = 81C0A5D91FED5BBE0000B997 /* Assets.xcassets */; };
		81C0A5DD1FED5BBE0000B997 /* LaunchScreen.storyboard in Resources */ = {isa = PBXBuildFile; fileRef = 81C0A5DB1FED5BBE0000B997 /* LaunchScreen.storyboard */; };
		81C0A5E91FED63080000B997 /* BlackJackViewController.swift in Sources */ = {isa = PBXBuildFile; fileRef = 81C0A5E81FED63080000B997 /* BlackJackViewController.swift */; };
		81C0A5EB1FED63190000B997 /* HistoryGameViewController.swift in Sources */ = {isa = PBXBuildFile; fileRef = 81C0A5EA1FED63190000B997 /* HistoryGameViewController.swift */; };
/* End PBXBuildFile section */

/* Begin PBXFileReference section */
		816BBB0A1FED64CC00A9C6F2 /* CardCollectionViewCell.xib */ = {isa = PBXFileReference; lastKnownFileType = file.xib; path = CardCollectionViewCell.xib; sourceTree = "<group>"; };
		816BBB0C1FED657D00A9C6F2 /* CardCollectionViewCell.swift */ = {isa = PBXFileReference; lastKnownFileType = sourcecode.swift; path = CardCollectionViewCell.swift; sourceTree = "<group>"; };
		816BBB0E1FED6AD900A9C6F2 /* NetworkHelper.swift */ = {isa = PBXFileReference; lastKnownFileType = sourcecode.swift; path = NetworkHelper.swift; sourceTree = "<group>"; };
		816BBB101FED6B1500A9C6F2 /* CardDeck.swift */ = {isa = PBXFileReference; lastKnownFileType = sourcecode.swift; path = CardDeck.swift; sourceTree = "<group>"; };
		816BBB121FED6BFA00A9C6F2 /* CardDeck APIClient.swift */ = {isa = PBXFileReference; lastKnownFileType = sourcecode.swift; path = "CardDeck APIClient.swift"; sourceTree = "<group>"; };
		816BBB141FED6D5500A9C6F2 /* Card.swift */ = {isa = PBXFileReference; lastKnownFileType = sourcecode.swift; path = Card.swift; sourceTree = "<group>"; };
		816BBB161FED6E1B00A9C6F2 /* Card APIClient.swift */ = {isa = PBXFileReference; lastKnownFileType = sourcecode.swift; path = "Card APIClient.swift"; sourceTree = "<group>"; };
		816BBB181FED70D300A9C6F2 /* Image APIClient.swift */ = {isa = PBXFileReference; lastKnownFileType = sourcecode.swift; path = "Image APIClient.swift"; sourceTree = "<group>"; };
		816BBB1A1FED755A00A9C6F2 /* Player.swift */ = {isa = PBXFileReference; lastKnownFileType = sourcecode.swift; path = Player.swift; sourceTree = "<group>"; };
		816BBB1C1FED7CEB00A9C6F2 /* PlayerDataModel.swift */ = {isa = PBXFileReference; lastKnownFileType = sourcecode.swift; path = PlayerDataModel.swift; sourceTree = "<group>"; };
		816BBB221FED970600A9C6F2 /* PlayerTableViewCell.xib */ = {isa = PBXFileReference; lastKnownFileType = file.xib; path = PlayerTableViewCell.xib; sourceTree = "<group>"; };
		816BBB241FED973000A9C6F2 /* PlayerTableViewCell.swift */ = {isa = PBXFileReference; lastKnownFileType = sourcecode.swift; path = PlayerTableViewCell.swift; sourceTree = "<group>"; };
		816BBB261FED9C9B00A9C6F2 /* CustomTableViewCell.swift */ = {isa = PBXFileReference; lastKnownFileType = sourcecode.swift; path = CustomTableViewCell.swift; sourceTree = "<group>"; };
		81C0A5CF1FED5BBE0000B997 /* 2017_12_22 Black Jack Mid Unit Asessment.app */ = {isa = PBXFileReference; explicitFileType = wrapper.application; includeInIndex = 0; path = "2017_12_22 Black Jack Mid Unit Asessment.app"; sourceTree = BUILT_PRODUCTS_DIR; };
		81C0A5D21FED5BBE0000B997 /* AppDelegate.swift */ = {isa = PBXFileReference; lastKnownFileType = sourcecode.swift; path = AppDelegate.swift; sourceTree = "<group>"; };
		81C0A5D71FED5BBE0000B997 /* Base */ = {isa = PBXFileReference; lastKnownFileType = file.storyboard; name = Base; path = Base.lproj/Main.storyboard; sourceTree = "<group>"; };
		81C0A5D91FED5BBE0000B997 /* Assets.xcassets */ = {isa = PBXFileReference; lastKnownFileType = folder.assetcatalog; path = Assets.xcassets; sourceTree = "<group>"; };
		81C0A5DC1FED5BBE0000B997 /* Base */ = {isa = PBXFileReference; lastKnownFileType = file.storyboard; name = Base; path = Base.lproj/LaunchScreen.storyboard; sourceTree = "<group>"; };
		81C0A5DE1FED5BBE0000B997 /* Info.plist */ = {isa = PBXFileReference; lastKnownFileType = text.plist.xml; path = Info.plist; sourceTree = "<group>"; };
		81C0A5E81FED63080000B997 /* BlackJackViewController.swift */ = {isa = PBXFileReference; lastKnownFileType = sourcecode.swift; path = BlackJackViewController.swift; sourceTree = "<group>"; };
		81C0A5EA1FED63190000B997 /* HistoryGameViewController.swift */ = {isa = PBXFileReference; lastKnownFileType = sourcecode.swift; path = HistoryGameViewController.swift; sourceTree = "<group>"; };
/* End PBXFileReference section */

/* Begin PBXFrameworksBuildPhase section */
		81C0A5CC1FED5BBE0000B997 /* Frameworks */ = {
			isa = PBXFrameworksBuildPhase;
			buildActionMask = 2147483647;
			files = (
			);
			runOnlyForDeploymentPostprocessing = 0;
		};
/* End PBXFrameworksBuildPhase section */

/* Begin PBXGroup section */
		81C0A5C61FED5BBE0000B997 = {
			isa = PBXGroup;
			children = (
				81C0A5D11FED5BBE0000B997 /* 2017_12_22 Black Jack Mid Unit Asessment */,
				81C0A5D01FED5BBE0000B997 /* Products */,
			);
			sourceTree = "<group>";
		};
		81C0A5D01FED5BBE0000B997 /* Products */ = {
			isa = PBXGroup;
			children = (
				81C0A5CF1FED5BBE0000B997 /* 2017_12_22 Black Jack Mid Unit Asessment.app */,
			);
			name = Products;
			sourceTree = "<group>";
		};
		81C0A5D11FED5BBE0000B997 /* 2017_12_22 Black Jack Mid Unit Asessment */ = {
			isa = PBXGroup;
			children = (
				81C0A5E61FED5BFF0000B997 /* Views */,
				81C0A5E51FED5BF60000B997 /* Controllers */,
				81C0A5E71FED5C070000B997 /* Models */,
				81C0A5D61FED5BBE0000B997 /* Main.storyboard */,
				81C0A5E41FED5BE40000B997 /* Supporting Files */,
				81C0A5D91FED5BBE0000B997 /* Assets.xcassets */,
				81C0A5DE1FED5BBE0000B997 /* Info.plist */,
			);
			path = "2017_12_22 Black Jack Mid Unit Asessment";
			sourceTree = "<group>";
		};
		81C0A5E41FED5BE40000B997 /* Supporting Files */ = {
			isa = PBXGroup;
			children = (
				81C0A5D21FED5BBE0000B997 /* AppDelegate.swift */,
				81C0A5DB1FED5BBE0000B997 /* LaunchScreen.storyboard */,
			);
			path = "Supporting Files";
			sourceTree = "<group>";
		};
		81C0A5E51FED5BF60000B997 /* Controllers */ = {
			isa = PBXGroup;
			children = (
				81C0A5E81FED63080000B997 /* BlackJackViewController.swift */,
				81C0A5EA1FED63190000B997 /* HistoryGameViewController.swift */,
			);
			path = Controllers;
			sourceTree = "<group>";
		};
		81C0A5E61FED5BFF0000B997 /* Views */ = {
			isa = PBXGroup;
			children = (
				816BBB0A1FED64CC00A9C6F2 /* CardCollectionViewCell.xib */,
				816BBB221FED970600A9C6F2 /* PlayerTableViewCell.xib */,
				816BBB261FED9C9B00A9C6F2 /* CustomTableViewCell.swift */,
				816BBB241FED973000A9C6F2 /* PlayerTableViewCell.swift */,
				816BBB0C1FED657D00A9C6F2 /* CardCollectionViewCell.swift */,
			);
			path = Views;
			sourceTree = "<group>";
		};
		81C0A5E71FED5C070000B997 /* Models */ = {
			isa = PBXGroup;
			children = (
				816BBB0E1FED6AD900A9C6F2 /* NetworkHelper.swift */,
				816BBB141FED6D5500A9C6F2 /* Card.swift */,
				816BBB161FED6E1B00A9C6F2 /* Card APIClient.swift */,
				816BBB181FED70D300A9C6F2 /* Image APIClient.swift */,
				816BBB101FED6B1500A9C6F2 /* CardDeck.swift */,
				816BBB121FED6BFA00A9C6F2 /* CardDeck APIClient.swift */,
				816BBB1A1FED755A00A9C6F2 /* Player.swift */,
				816BBB1C1FED7CEB00A9C6F2 /* PlayerDataModel.swift */,
			);
			path = Models;
			sourceTree = "<group>";
		};
/* End PBXGroup section */

/* Begin PBXNativeTarget section */
		81C0A5CE1FED5BBE0000B997 /* 2017_12_22 Black Jack Mid Unit Asessment */ = {
			isa = PBXNativeTarget;
			buildConfigurationList = 81C0A5E11FED5BBE0000B997 /* Build configuration list for PBXNativeTarget "2017_12_22 Black Jack Mid Unit Asessment" */;
			buildPhases = (
				81C0A5CB1FED5BBE0000B997 /* Sources */,
				81C0A5CC1FED5BBE0000B997 /* Frameworks */,
				81C0A5CD1FED5BBE0000B997 /* Resources */,
			);
			buildRules = (
			);
			dependencies = (
			);
			name = "2017_12_22 Black Jack Mid Unit Asessment";
			productName = "2017_12_22 Black Jack Mid Unit Asessment";
			productReference = 81C0A5CF1FED5BBE0000B997 /* 2017_12_22 Black Jack Mid Unit Asessment.app */;
			productType = "com.apple.product-type.application";
		};
/* End PBXNativeTarget section */

/* Begin PBXProject section */
		81C0A5C71FED5BBE0000B997 /* Project object */ = {
			isa = PBXProject;
			attributes = {
				LastSwiftUpdateCheck = 0910;
				LastUpgradeCheck = 0910;
				ORGANIZATIONNAME = Quark;
				TargetAttributes = {
					81C0A5CE1FED5BBE0000B997 = {
						CreatedOnToolsVersion = 9.1;
						ProvisioningStyle = Automatic;
					};
				};
			};
			buildConfigurationList = 81C0A5CA1FED5BBE0000B997 /* Build configuration list for PBXProject "2017_12_22 Black Jack Mid Unit Asessment" */;
			compatibilityVersion = "Xcode 8.0";
			developmentRegion = en;
			hasScannedForEncodings = 0;
			knownRegions = (
				en,
				Base,
			);
			mainGroup = 81C0A5C61FED5BBE0000B997;
			productRefGroup = 81C0A5D01FED5BBE0000B997 /* Products */;
			projectDirPath = "";
			projectRoot = "";
			targets = (
				81C0A5CE1FED5BBE0000B997 /* 2017_12_22 Black Jack Mid Unit Asessment */,
			);
		};
/* End PBXProject section */

/* Begin PBXResourcesBuildPhase section */
		81C0A5CD1FED5BBE0000B997 /* Resources */ = {
			isa = PBXResourcesBuildPhase;
			buildActionMask = 2147483647;
			files = (
				816BBB0B1FED64CC00A9C6F2 /* CardCollectionViewCell.xib in Resources */,
				81C0A5DD1FED5BBE0000B997 /* LaunchScreen.storyboard in Resources */,
				816BBB231FED970600A9C6F2 /* PlayerTableViewCell.xib in Resources */,
				81C0A5DA1FED5BBE0000B997 /* Assets.xcassets in Resources */,
				81C0A5D81FED5BBE0000B997 /* Main.storyboard in Resources */,
			);
			runOnlyForDeploymentPostprocessing = 0;
		};
/* End PBXResourcesBuildPhase section */

/* Begin PBXSourcesBuildPhase section */
		81C0A5CB1FED5BBE0000B997 /* Sources */ = {
			isa = PBXSourcesBuildPhase;
			buildActionMask = 2147483647;
			files = (
				816BBB1B1FED755A00A9C6F2 /* Player.swift in Sources */,
				816BBB191FED70D300A9C6F2 /* Image APIClient.swift in Sources */,
				816BBB111FED6B1500A9C6F2 /* CardDeck.swift in Sources */,
				816BBB0D1FED657D00A9C6F2 /* CardCollectionViewCell.swift in Sources */,
				81C0A5D31FED5BBE0000B997 /* AppDelegate.swift in Sources */,
				816BBB0F1FED6AD900A9C6F2 /* NetworkHelper.swift in Sources */,
				816BBB251FED973000A9C6F2 /* PlayerTableViewCell.swift in Sources */,
				81C0A5E91FED63080000B997 /* BlackJackViewController.swift in Sources */,
				816BBB131FED6BFA00A9C6F2 /* CardDeck APIClient.swift in Sources */,
				816BBB1D1FED7CEB00A9C6F2 /* PlayerDataModel.swift in Sources */,
				816BBB271FED9C9B00A9C6F2 /* CustomTableViewCell.swift in Sources */,
				816BBB171FED6E1B00A9C6F2 /* Card APIClient.swift in Sources */,
				81C0A5EB1FED63190000B997 /* HistoryGameViewController.swift in Sources */,
				816BBB151FED6D5500A9C6F2 /* Card.swift in Sources */,
			);
			runOnlyForDeploymentPostprocessing = 0;
		};
/* End PBXSourcesBuildPhase section */

/* Begin PBXVariantGroup section */
		81C0A5D61FED5BBE0000B997 /* Main.storyboard */ = {
			isa = PBXVariantGroup;
			children = (
				81C0A5D71FED5BBE0000B997 /* Base */,
			);
			name = Main.storyboard;
			sourceTree = "<group>";
		};
		81C0A5DB1FED5BBE0000B997 /* LaunchScreen.storyboard */ = {
			isa = PBXVariantGroup;
			children = (
				81C0A5DC1FED5BBE0000B997 /* Base */,
			);
			name = LaunchScreen.storyboard;
			sourceTree = "<group>";
		};
/* End PBXVariantGroup section */

/* Begin XCBuildConfiguration section */
		81C0A5DF1FED5BBE0000B997 /* Debug */ = {
			isa = XCBuildConfiguration;
			buildSettings = {
				ALWAYS_SEARCH_USER_PATHS = NO;
				CLANG_ANALYZER_NONNULL = YES;
				CLANG_ANALYZER_NUMBER_OBJECT_CONVERSION = YES_AGGRESSIVE;
				CLANG_CXX_LANGUAGE_STANDARD = "gnu++14";
				CLANG_CXX_LIBRARY = "libc++";
				CLANG_ENABLE_MODULES = YES;
				CLANG_ENABLE_OBJC_ARC = YES;
				CLANG_WARN_BLOCK_CAPTURE_AUTORELEASING = YES;
				CLANG_WARN_BOOL_CONVERSION = YES;
				CLANG_WARN_COMMA = YES;
				CLANG_WARN_CONSTANT_CONVERSION = YES;
				CLANG_WARN_DIRECT_OBJC_ISA_USAGE = YES_ERROR;
				CLANG_WARN_DOCUMENTATION_COMMENTS = YES;
				CLANG_WARN_EMPTY_BODY = YES;
				CLANG_WARN_ENUM_CONVERSION = YES;
				CLANG_WARN_INFINITE_RECURSION = YES;
				CLANG_WARN_INT_CONVERSION = YES;
				CLANG_WARN_NON_LITERAL_NULL_CONVERSION = YES;
				CLANG_WARN_OBJC_LITERAL_CONVERSION = YES;
				CLANG_WARN_OBJC_ROOT_CLASS = YES_ERROR;
				CLANG_WARN_RANGE_LOOP_ANALYSIS = YES;
				CLANG_WARN_STRICT_PROTOTYPES = YES;
				CLANG_WARN_SUSPICIOUS_MOVE = YES;
				CLANG_WARN_UNGUARDED_AVAILABILITY = YES_AGGRESSIVE;
				CLANG_WARN_UNREACHABLE_CODE = YES;
				CLANG_WARN__DUPLICATE_METHOD_MATCH = YES;
				CODE_SIGN_IDENTITY = "iPhone Developer";
				COPY_PHASE_STRIP = NO;
				DEBUG_INFORMATION_FORMAT = dwarf;
				ENABLE_STRICT_OBJC_MSGSEND = YES;
				ENABLE_TESTABILITY = YES;
				GCC_C_LANGUAGE_STANDARD = gnu11;
				GCC_DYNAMIC_NO_PIC = NO;
				GCC_NO_COMMON_BLOCKS = YES;
				GCC_OPTIMIZATION_LEVEL = 0;
				GCC_PREPROCESSOR_DEFINITIONS = (
					"DEBUG=1",
					"$(inherited)",
				);
				GCC_WARN_64_TO_32_BIT_CONVERSION = YES;
				GCC_WARN_ABOUT_RETURN_TYPE = YES_ERROR;
				GCC_WARN_UNDECLARED_SELECTOR = YES;
				GCC_WARN_UNINITIALIZED_AUTOS = YES_AGGRESSIVE;
				GCC_WARN_UNUSED_FUNCTION = YES;
				GCC_WARN_UNUSED_VARIABLE = YES;
				IPHONEOS_DEPLOYMENT_TARGET = 11.1;
				MTL_ENABLE_DEBUG_INFO = YES;
				ONLY_ACTIVE_ARCH = YES;
				SDKROOT = iphoneos;
				SWIFT_ACTIVE_COMPILATION_CONDITIONS = DEBUG;
				SWIFT_OPTIMIZATION_LEVEL = "-Onone";
			};
			name = Debug;
		};
		81C0A5E01FED5BBE0000B997 /* Release */ = {
			isa = XCBuildConfiguration;
			buildSettings = {
				ALWAYS_SEARCH_USER_PATHS = NO;
				CLANG_ANALYZER_NONNULL = YES;
				CLANG_ANALYZER_NUMBER_OBJECT_CONVERSION = YES_AGGRESSIVE;
				CLANG_CXX_LANGUAGE_STANDARD = "gnu++14";
				CLANG_CXX_LIBRARY = "libc++";
				CLANG_ENABLE_MODULES = YES;
				CLANG_ENABLE_OBJC_ARC = YES;
				CLANG_WARN_BLOCK_CAPTURE_AUTORELEASING = YES;
				CLANG_WARN_BOOL_CONVERSION = YES;
				CLANG_WARN_COMMA = YES;
				CLANG_WARN_CONSTANT_CONVERSION = YES;
				CLANG_WARN_DIRECT_OBJC_ISA_USAGE = YES_ERROR;
				CLANG_WARN_DOCUMENTATION_COMMENTS = YES;
				CLANG_WARN_EMPTY_BODY = YES;
				CLANG_WARN_ENUM_CONVERSION = YES;
				CLANG_WARN_INFINITE_RECURSION = YES;
				CLANG_WARN_INT_CONVERSION = YES;
				CLANG_WARN_NON_LITERAL_NULL_CONVERSION = YES;
				CLANG_WARN_OBJC_LITERAL_CONVERSION = YES;
				CLANG_WARN_OBJC_ROOT_CLASS = YES_ERROR;
				CLANG_WARN_RANGE_LOOP_ANALYSIS = YES;
				CLANG_WARN_STRICT_PROTOTYPES = YES;
				CLANG_WARN_SUSPICIOUS_MOVE = YES;
				CLANG_WARN_UNGUARDED_AVAILABILITY = YES_AGGRESSIVE;
				CLANG_WARN_UNREACHABLE_CODE = YES;
				CLANG_WARN__DUPLICATE_METHOD_MATCH = YES;
				CODE_SIGN_IDENTITY = "iPhone Developer";
				COPY_PHASE_STRIP = NO;
				DEBUG_INFORMATION_FORMAT = "dwarf-with-dsym";
				ENABLE_NS_ASSERTIONS = NO;
				ENABLE_STRICT_OBJC_MSGSEND = YES;
				GCC_C_LANGUAGE_STANDARD = gnu11;
				GCC_NO_COMMON_BLOCKS = YES;
				GCC_WARN_64_TO_32_BIT_CONVERSION = YES;
				GCC_WARN_ABOUT_RETURN_TYPE = YES_ERROR;
				GCC_WARN_UNDECLARED_SELECTOR = YES;
				GCC_WARN_UNINITIALIZED_AUTOS = YES_AGGRESSIVE;
				GCC_WARN_UNUSED_FUNCTION = YES;
				GCC_WARN_UNUSED_VARIABLE = YES;
				IPHONEOS_DEPLOYMENT_TARGET = 11.1;
				MTL_ENABLE_DEBUG_INFO = NO;
				SDKROOT = iphoneos;
				SWIFT_OPTIMIZATION_LEVEL = "-Owholemodule";
				VALIDATE_PRODUCT = YES;
			};
			name = Release;
		};
		81C0A5E21FED5BBE0000B997 /* Debug */ = {
			isa = XCBuildConfiguration;
			buildSettings = {
				ASSETCATALOG_COMPILER_APPICON_NAME = AppIcon;
				CODE_SIGN_STYLE = Automatic;
				INFOPLIST_FILE = "2017_12_22 Black Jack Mid Unit Asessment/Info.plist";
				LD_RUNPATH_SEARCH_PATHS = "$(inherited) @executable_path/Frameworks";
				PRODUCT_BUNDLE_IDENTIFIER = "X-Quark.-017-12-22-Black-Jack-Mid-Unit-Asessment";
				PRODUCT_NAME = "$(TARGET_NAME)";
				SWIFT_VERSION = 4.0;
				TARGETED_DEVICE_FAMILY = "1,2";
			};
			name = Debug;
		};
		81C0A5E31FED5BBE0000B997 /* Release */ = {
			isa = XCBuildConfiguration;
			buildSettings = {
				ASSETCATALOG_COMPILER_APPICON_NAME = AppIcon;
				CODE_SIGN_STYLE = Automatic;
				INFOPLIST_FILE = "2017_12_22 Black Jack Mid Unit Asessment/Info.plist";
				LD_RUNPATH_SEARCH_PATHS = "$(inherited) @executable_path/Frameworks";
				PRODUCT_BUNDLE_IDENTIFIER = "X-Quark.-017-12-22-Black-Jack-Mid-Unit-Asessment";
				PRODUCT_NAME = "$(TARGET_NAME)";
				SWIFT_VERSION = 4.0;
				TARGETED_DEVICE_FAMILY = "1,2";
			};
			name = Release;
		};
/* End XCBuildConfiguration section */

/* Begin XCConfigurationList section */
		81C0A5CA1FED5BBE0000B997 /* Build configuration list for PBXProject "2017_12_22 Black Jack Mid Unit Asessment" */ = {
			isa = XCConfigurationList;
			buildConfigurations = (
				81C0A5DF1FED5BBE0000B997 /* Debug */,
				81C0A5E01FED5BBE0000B997 /* Release */,
			);
			defaultConfigurationIsVisible = 0;
			defaultConfigurationName = Release;
		};
		81C0A5E11FED5BBE0000B997 /* Build configuration list for PBXNativeTarget "2017_12_22 Black Jack Mid Unit Asessment" */ = {
			isa = XCConfigurationList;
			buildConfigurations = (
				81C0A5E21FED5BBE0000B997 /* Debug */,
				81C0A5E31FED5BBE0000B997 /* Release */,
			);
			defaultConfigurationIsVisible = 0;
			defaultConfigurationName = Release;
		};
/* End XCConfigurationList section */
	};
	rootObject = 81C0A5C71FED5BBE0000B997 /* Project object */;
}
